// !$*UTF8*$!
{
	archiveVersion = 1;
	classes = {
	};
	objectVersion = 46;
	objects = {

/* Begin PBXBuildFile section */
		183A31CA1EBD379600173F11 /* main.m in Sources */ = {isa = PBXBuildFile; fileRef = 183A31C91EBD379600173F11 /* main.m */; };
		183A31CD1EBD379600173F11 /* AppDelegate.m in Sources */ = {isa = PBXBuildFile; fileRef = 183A31CC1EBD379600173F11 /* AppDelegate.m */; };
		183A31D01EBD379600173F11 /* ViewController.m in Sources */ = {isa = PBXBuildFile; fileRef = 183A31CF1EBD379600173F11 /* ViewController.m */; };
		183A31D31EBD379600173F11 /* Main.storyboard in Resources */ = {isa = PBXBuildFile; fileRef = 183A31D11EBD379600173F11 /* Main.storyboard */; };
		183A31D51EBD379600173F11 /* Assets.xcassets in Resources */ = {isa = PBXBuildFile; fileRef = 183A31D41EBD379600173F11 /* Assets.xcassets */; };
		183A31D81EBD379600173F11 /* LaunchScreen.storyboard in Resources */ = {isa = PBXBuildFile; fileRef = 183A31D61EBD379600173F11 /* LaunchScreen.storyboard */; };
		183A31FE1EBD4FB900173F11 /* address.plist in Resources */ = {isa = PBXBuildFile; fileRef = 183A31F21EBD4FB900173F11 /* address.plist */; };
		183A31FF1EBD4FB900173F11 /* PyAddressPickView.m in Sources */ = {isa = PBXBuildFile; fileRef = 183A31F41EBD4FB900173F11 /* PyAddressPickView.m */; };
		183A32001EBD4FB900173F11 /* PyBirthdayPickerView.m in Sources */ = {isa = PBXBuildFile; fileRef = 183A31F61EBD4FB900173F11 /* PyBirthdayPickerView.m */; };
		183A32011EBD4FB900173F11 /* PyGenderPickerView.m in Sources */ = {isa = PBXBuildFile; fileRef = 183A31F81EBD4FB900173F11 /* PyGenderPickerView.m */; };
		183A32021EBD4FB900173F11 /* PySwithTimePickView.m in Sources */ = {isa = PBXBuildFile; fileRef = 183A31FB1EBD4FB900173F11 /* PySwithTimePickView.m */; };
		183A32031EBD4FB900173F11 /* UIView+PyExtension.m in Sources */ = {isa = PBXBuildFile; fileRef = 183A31FD1EBD4FB900173F11 /* UIView+PyExtension.m */; };
/* End PBXBuildFile section */

/* Begin PBXFileReference section */
		183A31C51EBD379600173F11 /* PYUSerelectPickVC.app */ = {isa = PBXFileReference; explicitFileType = wrapper.application; includeInIndex = 0; path = PYUSerelectPickVC.app; sourceTree = BUILT_PRODUCTS_DIR; };
		183A31C91EBD379600173F11 /* main.m */ = {isa = PBXFileReference; lastKnownFileType = sourcecode.c.objc; path = main.m; sourceTree = "<group>"; };
		183A31CB1EBD379600173F11 /* AppDelegate.h */ = {isa = PBXFileReference; lastKnownFileType = sourcecode.c.h; path = AppDelegate.h; sourceTree = "<group>"; };
		183A31CC1EBD379600173F11 /* AppDelegate.m */ = {isa = PBXFileReference; lastKnownFileType = sourcecode.c.objc; path = AppDelegate.m; sourceTree = "<group>"; };
		183A31CE1EBD379600173F11 /* ViewController.h */ = {isa = PBXFileReference; lastKnownFileType = sourcecode.c.h; path = ViewController.h; sourceTree = "<group>"; };
		183A31CF1EBD379600173F11 /* ViewController.m */ = {isa = PBXFileReference; lastKnownFileType = sourcecode.c.objc; path = ViewController.m; sourceTree = "<group>"; };
		183A31D21EBD379600173F11 /* Base */ = {isa = PBXFileReference; lastKnownFileType = file.storyboard; name = Base; path = Base.lproj/Main.storyboard; sourceTree = "<group>"; };
		183A31D41EBD379600173F11 /* Assets.xcassets */ = {isa = PBXFileReference; lastKnownFileType = folder.assetcatalog; path = Assets.xcassets; sourceTree = "<group>"; };
		183A31D71EBD379600173F11 /* Base */ = {isa = PBXFileReference; lastKnownFileType = file.storyboard; name = Base; path = Base.lproj/LaunchScreen.storyboard; sourceTree = "<group>"; };
		183A31D91EBD379600173F11 /* Info.plist */ = {isa = PBXFileReference; lastKnownFileType = text.plist.xml; path = Info.plist; sourceTree = "<group>"; };
		183A31F21EBD4FB900173F11 /* address.plist */ = {isa = PBXFileReference; fileEncoding = 4; lastKnownFileType = text.plist.xml; path = address.plist; sourceTree = "<group>"; };
		183A31F31EBD4FB900173F11 /* PyAddressPickView.h */ = {isa = PBXFileReference; fileEncoding = 4; lastKnownFileType = sourcecode.c.h; path = PyAddressPickView.h; sourceTree = "<group>"; };
		183A31F41EBD4FB900173F11 /* PyAddressPickView.m */ = {isa = PBXFileReference; fileEncoding = 4; lastKnownFileType = sourcecode.c.objc; path = PyAddressPickView.m; sourceTree = "<group>"; };
		183A31F51EBD4FB900173F11 /* PyBirthdayPickerView.h */ = {isa = PBXFileReference; fileEncoding = 4; lastKnownFileType = sourcecode.c.h; path = PyBirthdayPickerView.h; sourceTree = "<group>"; };
		183A31F61EBD4FB900173F11 /* PyBirthdayPickerView.m */ = {isa = PBXFileReference; fileEncoding = 4; lastKnownFileType = sourcecode.c.objc; path = PyBirthdayPickerView.m; sourceTree = "<group>"; };
		183A31F71EBD4FB900173F11 /* PyGenderPickerView.h */ = {isa = PBXFileReference; fileEncoding = 4; lastKnownFileType = sourcecode.c.h; path = PyGenderPickerView.h; sourceTree = "<group>"; };
		183A31F81EBD4FB900173F11 /* PyGenderPickerView.m */ = {isa = PBXFileReference; fileEncoding = 4; lastKnownFileType = sourcecode.c.objc; path = PyGenderPickerView.m; sourceTree = "<group>"; };
		183A31F91EBD4FB900173F11 /* PYPickViewDefines.h */ = {isa = PBXFileReference; fileEncoding = 4; lastKnownFileType = sourcecode.c.h; path = PYPickViewDefines.h; sourceTree = "<group>"; };
		183A31FA1EBD4FB900173F11 /* PySwithTimePickView.h */ = {isa = PBXFileReference; fileEncoding = 4; lastKnownFileType = sourcecode.c.h; path = PySwithTimePickView.h; sourceTree = "<group>"; };
		183A31FB1EBD4FB900173F11 /* PySwithTimePickView.m */ = {isa = PBXFileReference; fileEncoding = 4; lastKnownFileType = sourcecode.c.objc; path = PySwithTimePickView.m; sourceTree = "<group>"; };
		183A31FC1EBD4FB900173F11 /* UIView+PyExtension.h */ = {isa = PBXFileReference; fileEncoding = 4; lastKnownFileType = sourcecode.c.h; path = "UIView+PyExtension.h"; sourceTree = "<group>"; };
		183A31FD1EBD4FB900173F11 /* UIView+PyExtension.m */ = {isa = PBXFileReference; fileEncoding = 4; lastKnownFileType = sourcecode.c.objc; path = "UIView+PyExtension.m"; sourceTree = "<group>"; };
/* End PBXFileReference section */

/* Begin PBXFrameworksBuildPhase section */
		183A31C21EBD379600173F11 /* Frameworks */ = {
			isa = PBXFrameworksBuildPhase;
			buildActionMask = 2147483647;
			files = (
			);
			runOnlyForDeploymentPostprocessing = 0;
		};
/* End PBXFrameworksBuildPhase section */

/* Begin PBXGroup section */
		183A31BC1EBD379500173F11 = {
			isa = PBXGroup;
			children = (
				183A31C71EBD379600173F11 /* PYUSerelectPickVC */,
				183A31C61EBD379600173F11 /* Products */,
			);
			sourceTree = "<group>";
		};
		183A31C61EBD379600173F11 /* Products */ = {
			isa = PBXGroup;
			children = (
				183A31C51EBD379600173F11 /* PYUSerelectPickVC.app */,
			);
			name = Products;
			sourceTree = "<group>";
		};
		183A31C71EBD379600173F11 /* PYUSerelectPickVC */ = {
			isa = PBXGroup;
			children = (
				183A31F11EBD4FB900173F11 /* PYPickView */,
				183A31CB1EBD379600173F11 /* AppDelegate.h */,
				183A31CC1EBD379600173F11 /* AppDelegate.m */,
				183A31CE1EBD379600173F11 /* ViewController.h */,
				183A31CF1EBD379600173F11 /* ViewController.m */,
				183A31D11EBD379600173F11 /* Main.storyboard */,
				183A31D41EBD379600173F11 /* Assets.xcassets */,
				183A31D61EBD379600173F11 /* LaunchScreen.storyboard */,
				183A31D91EBD379600173F11 /* Info.plist */,
				183A31C81EBD379600173F11 /* Supporting Files */,
			);
			path = PYUSerelectPickVC;
			sourceTree = "<group>";
		};
		183A31C81EBD379600173F11 /* Supporting Files */ = {
			isa = PBXGroup;
			children = (
				183A31C91EBD379600173F11 /* main.m */,
			);
			name = "Supporting Files";
			sourceTree = "<group>";
		};
		183A31F11EBD4FB900173F11 /* PYPickView */ = {
			isa = PBXGroup;
			children = (
				183A31F21EBD4FB900173F11 /* address.plist */,
				183A31F31EBD4FB900173F11 /* PyAddressPickView.h */,
				183A31F41EBD4FB900173F11 /* PyAddressPickView.m */,
				183A31F51EBD4FB900173F11 /* PyBirthdayPickerView.h */,
				183A31F61EBD4FB900173F11 /* PyBirthdayPickerView.m */,
				183A31F71EBD4FB900173F11 /* PyGenderPickerView.h */,
				183A31F81EBD4FB900173F11 /* PyGenderPickerView.m */,
				183A31F91EBD4FB900173F11 /* PYPickViewDefines.h */,
				183A31FA1EBD4FB900173F11 /* PySwithTimePickView.h */,
				183A31FB1EBD4FB900173F11 /* PySwithTimePickView.m */,
				183A31FC1EBD4FB900173F11 /* UIView+PyExtension.h */,
				183A31FD1EBD4FB900173F11 /* UIView+PyExtension.m */,
			);
			path = PYPickView;
			sourceTree = "<group>";
		};
/* End PBXGroup section */

/* Begin PBXNativeTarget section */
		183A31C41EBD379600173F11 /* PYUSerelectPickVC */ = {
			isa = PBXNativeTarget;
			buildConfigurationList = 183A31DC1EBD379600173F11 /* Build configuration list for PBXNativeTarget "PYUSerelectPickVC" */;
			buildPhases = (
				183A31C11EBD379600173F11 /* Sources */,
				183A31C21EBD379600173F11 /* Frameworks */,
				183A31C31EBD379600173F11 /* Resources */,
			);
			buildRules = (
			);
			dependencies = (
			);
			name = PYUSerelectPickVC;
			productName = PYUSerelectPickVC;
			productReference = 183A31C51EBD379600173F11 /* PYUSerelectPickVC.app */;
			productType = "com.apple.product-type.application";
		};
/* End PBXNativeTarget section */

/* Begin PBXProject section */
		183A31BD1EBD379500173F11 /* Project object */ = {
			isa = PBXProject;
			attributes = {
				CLASSPREFIX = Py;
				LastUpgradeCheck = 0820;
				ORGANIZATIONNAME = pxymac;
				TargetAttributes = {
					183A31C41EBD379600173F11 = {
						CreatedOnToolsVersion = 8.2.1;
						DevelopmentTeam = 4QPALNWDNA;
						ProvisioningStyle = Automatic;
					};
				};
			};
			buildConfigurationList = 183A31C01EBD379500173F11 /* Build configuration list for PBXProject "PYUSerelectPickVC" */;
			compatibilityVersion = "Xcode 3.2";
			developmentRegion = English;
			hasScannedForEncodings = 0;
			knownRegions = (
				en,
				Base,
			);
			mainGroup = 183A31BC1EBD379500173F11;
			productRefGroup = 183A31C61EBD379600173F11 /* Products */;
			projectDirPath = "";
			projectRoot = "";
			targets = (
				183A31C41EBD379600173F11 /* PYUSerelectPickVC */,
			);
		};
/* End PBXProject section */

/* Begin PBXResourcesBuildPhase section */
		183A31C31EBD379600173F11 /* Resources */ = {
			isa = PBXResourcesBuildPhase;
			buildActionMask = 2147483647;
			files = (
				183A31D81EBD379600173F11 /* LaunchScreen.storyboard in Resources */,
				183A31FE1EBD4FB900173F11 /* address.plist in Resources */,
				183A31D51EBD379600173F11 /* Assets.xcassets in Resources */,
				183A31D31EBD379600173F11 /* Main.storyboard in Resources */,
			);
			runOnlyForDeploymentPostprocessing = 0;
		};
/* End PBXResourcesBuildPhase section */

/* Begin PBXSourcesBuildPhase section */
		183A31C11EBD379600173F11 /* Sources */ = {
			isa = PBXSourcesBuildPhase;
			buildActionMask = 2147483647;
			files = (
				183A31D01EBD379600173F11 /* ViewController.m in Sources */,
				183A32031EBD4FB900173F11 /* UIView+PyExtension.m in Sources */,
				183A31CD1EBD379600173F11 /* AppDelegate.m in Sources */,
				183A32001EBD4FB900173F11 /* PyBirthdayPickerView.m in Sources */,
				183A32021EBD4FB900173F11 /* PySwithTimePickView.m in Sources */,
				183A31CA1EBD379600173F11 /* main.m in Sources */,
				183A32011EBD4FB900173F11 /* PyGenderPickerView.m in Sources */,
				183A31FF1EBD4FB900173F11 /* PyAddressPickView.m in Sources */,
			);
			runOnlyForDeploymentPostprocessing = 0;
		};
/* End PBXSourcesBuildPhase section */

/* Begin PBXVariantGroup section */
		183A31D11EBD379600173F11 /* Main.storyboard */ = {
			isa = PBXVariantGroup;
			children = (
				183A31D21EBD379600173F11 /* Base */,
			);
			name = Main.storyboard;
			sourceTree = "<group>";
		};
		183A31D61EBD379600173F11 /* LaunchScreen.storyboard */ = {
			isa = PBXVariantGroup;
			children = (
				183A31D71EBD379600173F11 /* Base */,
			);
			name = LaunchScreen.storyboard;
			sourceTree = "<group>";
		};
/* End PBXVariantGroup section */

/* Begin XCBuildConfiguration section */
		183A31DA1EBD379600173F11 /* Debug */ = {
			isa = XCBuildConfiguration;
			buildSettings = {
				ALWAYS_SEARCH_USER_PATHS = NO;
				CLANG_ANALYZER_NONNULL = YES;
				CLANG_CXX_LANGUAGE_STANDARD = "gnu++0x";
				CLANG_CXX_LIBRARY = "libc++";
				CLANG_ENABLE_MODULES = YES;
				CLANG_ENABLE_OBJC_ARC = YES;
				CLANG_WARN_BOOL_CONVERSION = YES;
				CLANG_WARN_CONSTANT_CONVERSION = YES;
				CLANG_WARN_DIRECT_OBJC_ISA_USAGE = YES_ERROR;
				CLANG_WARN_DOCUMENTATION_COMMENTS = YES;
				CLANG_WARN_EMPTY_BODY = YES;
				CLANG_WARN_ENUM_CONVERSION = YES;
				CLANG_WARN_INFINITE_RECURSION = YES;
				CLANG_WARN_INT_CONVERSION = YES;
				CLANG_WARN_OBJC_ROOT_CLASS = YES_ERROR;
				CLANG_WARN_SUSPICIOUS_MOVE = YES;
				CLANG_WARN_UNREACHABLE_CODE = YES;
				CLANG_WARN__DUPLICATE_METHOD_MATCH = YES;
				"CODE_SIGN_IDENTITY[sdk=iphoneos*]" = "iPhone Developer";
				COPY_PHASE_STRIP = NO;
				DEBUG_INFORMATION_FORMAT = dwarf;
				ENABLE_STRICT_OBJC_MSGSEND = YES;
				ENABLE_TESTABILITY = YES;
				GCC_C_LANGUAGE_STANDARD = gnu99;
				GCC_DYNAMIC_NO_PIC = NO;
				GCC_NO_COMMON_BLOCKS = YES;
				GCC_OPTIMIZATION_LEVEL = 0;
				GCC_PREPROCESSOR_DEFINITIONS = (
					"DEBUG=1",
					"$(inherited)",
				);
				GCC_WARN_64_TO_32_BIT_CONVERSION = YES;
				GCC_WARN_ABOUT_RETURN_TYPE = YES_ERROR;
				GCC_WARN_UNDECLARED_SELECTOR = YES;
				GCC_WARN_UNINITIALIZED_AUTOS = YES_AGGRESSIVE;
				GCC_WARN_UNUSED_FUNCTION = YES;
				GCC_WARN_UNUSED_VARIABLE = YES;
				IPHONEOS_DEPLOYMENT_TARGET = 10.2;
				MTL_ENABLE_DEBUG_INFO = YES;
				ONLY_ACTIVE_ARCH = YES;
				SDKROOT = iphoneos;
				TARGETED_DEVICE_FAMILY = "1,2";
			};
			name = Debug;
		};
		183A31DB1EBD379600173F11 /* Release */ = {
			isa = XCBuildConfiguration;
			buildSettings = {
				ALWAYS_SEARCH_USER_PATHS = NO;
				CLANG_ANALYZER_NONNULL = YES;
				CLANG_CXX_LANGUAGE_STANDARD = "gnu++0x";
				CLANG_CXX_LIBRARY = "libc++";
				CLANG_ENABLE_MODULES = YES;
				CLANG_ENABLE_OBJC_ARC = YES;
				CLANG_WARN_BOOL_CONVERSION = YES;
				CLANG_WARN_CONSTANT_CONVERSION = YES;
				CLANG_WARN_DIRECT_OBJC_ISA_USAGE = YES_ERROR;
				CLANG_WARN_DOCUMENTATION_COMMENTS = YES;
				CLANG_WARN_EMPTY_BODY = YES;
				CLANG_WARN_ENUM_CONVERSION = YES;
				CLANG_WARN_INFINITE_RECURSION = YES;
				CLANG_WARN_INT_CONVERSION = YES;
				CLANG_WARN_OBJC_ROOT_CLASS = YES_ERROR;
				CLANG_WARN_SUSPICIOUS_MOVE = YES;
				CLANG_WARN_UNREACHABLE_CODE = YES;
				CLANG_WARN__DUPLICATE_METHOD_MATCH = YES;
				"CODE_SIGN_IDENTITY[sdk=iphoneos*]" = "iPhone Developer";
				COPY_PHASE_STRIP = NO;
				DEBUG_INFORMATION_FORMAT = "dwarf-with-dsym";
				ENABLE_NS_ASSERTIONS = NO;
				ENABLE_STRICT_OBJC_MSGSEND = YES;
				GCC_C_LANGUAGE_STANDARD = gnu99;
				GCC_NO_COMMON_BLOCKS = YES;
				GCC_WARN_64_TO_32_BIT_CONVERSION = YES;
				GCC_WARN_ABOUT_RETURN_TYPE = YES_ERROR;
				GCC_WARN_UNDECLARED_SELECTOR = YES;
				GCC_WARN_UNINITIALIZED_AUTOS = YES_AGGRESSIVE;
				GCC_WARN_UNUSED_FUNCTION = YES;
				GCC_WARN_UNUSED_VARIABLE = YES;
				IPHONEOS_DEPLOYMENT_TARGET = 10.2;
				MTL_ENABLE_DEBUG_INFO = NO;
				SDKROOT = iphoneos;
				TARGETED_DEVICE_FAMILY = "1,2";
				VALIDATE_PRODUCT = YES;
			};
			name = Release;
		};
		183A31DD1EBD379600173F11 /* Debug */ = {
			isa = XCBuildConfiguration;
			buildSettings = {
				ASSETCATALOG_COMPILER_APPICON_NAME = AppIcon;
				DEVELOPMENT_TEAM = 4QPALNWDNA;
				INFOPLIST_FILE = PYUSerelectPickVC/Info.plist;
				LD_RUNPATH_SEARCH_PATHS = "$(inherited) @executable_path/Frameworks";
				PRODUCT_BUNDLE_IDENTIFIER = com.zaoguankeji.www.PYUSerelectPickVC;
				PRODUCT_NAME = "$(TARGET_NAME)";
			};
			name = Debug;
		};
		183A31DE1EBD379600173F11 /* Release */ = {
			isa = XCBuildConfiguration;
			buildSettings = {
				ASSETCATALOG_COMPILER_APPICON_NAME = AppIcon;
				DEVELOPMENT_TEAM = 4QPALNWDNA;
				INFOPLIST_FILE = PYUSerelectPickVC/Info.plist;
				LD_RUNPATH_SEARCH_PATHS = "$(inherited) @executable_path/Frameworks";
				PRODUCT_BUNDLE_IDENTIFIER = com.zaoguankeji.www.PYUSerelectPickVC;
				PRODUCT_NAME = "$(TARGET_NAME)";
			};
			name = Release;
		};
/* End XCBuildConfiguration section */

/* Begin XCConfigurationList section */
		183A31C01EBD379500173F11 /* Build configuration list for PBXProject "PYUSerelectPickVC" */ = {
			isa = XCConfigurationList;
			buildConfigurations = (
				183A31DA1EBD379600173F11 /* Debug */,
				183A31DB1EBD379600173F11 /* Release */,
			);
			defaultConfigurationIsVisible = 0;
			defaultConfigurationName = Release;
		};
		183A31DC1EBD379600173F11 /* Build configuration list for PBXNativeTarget "PYUSerelectPickVC" */ = {
			isa = XCConfigurationList;
			buildConfigurations = (
				183A31DD1EBD379600173F11 /* Debug */,
				183A31DE1EBD379600173F11 /* Release */,
			);
			defaultConfigurationIsVisible = 0;
		};
/* End XCConfigurationList section */
	};
	rootObject = 183A31BD1EBD379500173F11 /* Project object */;
}
